
Microsoft Visual Studio Solution File, Format Version 12.00
# Visual Studio Version 17
VisualStudioVersion = 17.2.32630.192
MinimumVisualStudioVersion = 10.0.40219.1
Project("{FAE04EC0-301F-11D3-BF4B-00C04F79EFBC}") = "MiniAPIEntity", "MiniAPIEntity\MiniAPIEntity.csproj", "{37F3A5D5-0171-41B0-B659-6FCDCD47F634}"
EndProject
Global
	GlobalSection(SolutionConfigurationPlatforms) = preSolution
		Debug|Any CPU = Debug|Any CPU
		Release|Any CPU = Release|Any CPU
	EndGlobalSection
	GlobalSection(ProjectConfigurationPlatforms) = postSolution
		{37F3A5D5-0171-41B0-B659-6FCDCD47F634}.Debug|Any CPU.ActiveCfg = Debug|Any CPU
		{37F3A5D5-0171-41B0-B659-6FCDCD47F634}.Debug|Any CPU.Build.0 = Debug|Any CPU
		{37F3A5D5-0171-41B0-B659-6FCDCD47F634}.Release|Any CPU.ActiveCfg = Release|Any CPU
		{37F3A5D5-0171-41B0-B659-6FCDCD47F634}.Release|Any CPU.Build.0 = Release|Any CPU
	EndGlobalSection
	GlobalSection(SolutionProperties) = preSolution
		HideSolutionNode = FALSE
	EndGlobalSection
	GlobalSection(ExtensibilityGlobals) = postSolution
		SolutionGuid = {3EB1E93A-5BFE-4E1A-BA1C-7C2421676C7A}
	EndGlobalSection
EndGlobal
